
Microsoft Visual Studio Solution File, Format Version 12.00
# Visual Studio Version 16
VisualStudioVersion = 16.0.28803.202
MinimumVisualStudioVersion = 10.0.40219.1
Project("{9A19103F-16F7-4668-BE54-9A1E7A4F7556}") = "AdventureEngine", "AdventureEngine\AdventureEngine.csproj", "{4BCCAF21-AC2A-4400-B907-59BCF0F220F1}"
EndProject
Project("{FAE04EC0-301F-11D3-BF4B-00C04F79EFBC}") = "AdventureEngine.Tests", "AdventureEngine.Tests\AdventureEngine.Tests.csproj", "{3CFB9864-4DB6-4C92-B296-660424053535}"
EndProject
Project("{FAE04EC0-301F-11D3-BF4B-00C04F79EFBC}") = "AdventureEngine.SampleAdventure", "AdventureEngine.SampleAdventure\AdventureEngine.SampleAdventure.csproj", "{844F4208-10CA-4B85-911A-668602DAB38F}"
EndProject
Global
	GlobalSection(SolutionConfigurationPlatforms) = preSolution
		Debug|Any CPU = Debug|Any CPU
		Release|Any CPU = Release|Any CPU
	EndGlobalSection
	GlobalSection(ProjectConfigurationPlatforms) = postSolution
		{4BCCAF21-AC2A-4400-B907-59BCF0F220F1}.Debug|Any CPU.ActiveCfg = Debug|Any CPU
		{4BCCAF21-AC2A-4400-B907-59BCF0F220F1}.Debug|Any CPU.Build.0 = Debug|Any CPU
		{4BCCAF21-AC2A-4400-B907-59BCF0F220F1}.Release|Any CPU.ActiveCfg = Release|Any CPU
		{4BCCAF21-AC2A-4400-B907-59BCF0F220F1}.Release|Any CPU.Build.0 = Release|Any CPU
		{3CFB9864-4DB6-4C92-B296-660424053535}.Debug|Any CPU.ActiveCfg = Debug|Any CPU
		{3CFB9864-4DB6-4C92-B296-660424053535}.Debug|Any CPU.Build.0 = Debug|Any CPU
		{3CFB9864-4DB6-4C92-B296-660424053535}.Release|Any CPU.ActiveCfg = Release|Any CPU
		{3CFB9864-4DB6-4C92-B296-660424053535}.Release|Any CPU.Build.0 = Release|Any CPU
		{844F4208-10CA-4B85-911A-668602DAB38F}.Debug|Any CPU.ActiveCfg = Debug|Any CPU
		{844F4208-10CA-4B85-911A-668602DAB38F}.Debug|Any CPU.Build.0 = Debug|Any CPU
		{844F4208-10CA-4B85-911A-668602DAB38F}.Release|Any CPU.ActiveCfg = Release|Any CPU
		{844F4208-10CA-4B85-911A-668602DAB38F}.Release|Any CPU.Build.0 = Release|Any CPU
	EndGlobalSection
	GlobalSection(SolutionProperties) = preSolution
		HideSolutionNode = FALSE
	EndGlobalSection
	GlobalSection(ExtensibilityGlobals) = postSolution
		SolutionGuid = {AAC01EEF-6BA0-4505-AE6B-F811FE87A0CA}
	EndGlobalSection
EndGlobal
